
Microsoft Visual Studio Solution File, Format Version 12.00
# Visual Studio 15
VisualStudioVersion = 15.0.27703.2042
MinimumVisualStudioVersion = 10.0.40219.1
Project("{FAE04EC0-301F-11D3-BF4B-00C04F79EFBC}") = "DiscordBOT", "DiscordBOT\DiscordBOT.csproj", "{F425801A-D3FA-4FEC-8040-4C79F0C55DD5}"
EndProject
Global
	GlobalSection(SolutionConfigurationPlatforms) = preSolution
		Debug|Any CPU = Debug|Any CPU
		Release|Any CPU = Release|Any CPU
	EndGlobalSection
	GlobalSection(ProjectConfigurationPlatforms) = postSolution
		{F425801A-D3FA-4FEC-8040-4C79F0C55DD5}.Debug|Any CPU.ActiveCfg = Debug|Any CPU
		{F425801A-D3FA-4FEC-8040-4C79F0C55DD5}.Debug|Any CPU.Build.0 = Debug|Any CPU
		{F425801A-D3FA-4FEC-8040-4C79F0C55DD5}.Release|Any CPU.ActiveCfg = Release|Any CPU
		{F425801A-D3FA-4FEC-8040-4C79F0C55DD5}.Release|Any CPU.Build.0 = Release|Any CPU
	EndGlobalSection
	GlobalSection(SolutionProperties) = preSolution
		HideSolutionNode = FALSE
	EndGlobalSection
	GlobalSection(ExtensibilityGlobals) = postSolution
		SolutionGuid = {DEE89DD0-8FC8-47DB-99C6-EB2439871C65}
	EndGlobalSection
EndGlobal
